// !$*UTF8*$!
{
	archiveVersion = 1;
	classes = {
	};
	objectVersion = 46;
	objects = {

/* Begin PBXBuildFile section */
		4704EFF51C9984BC00650402 /* main.m in Sources */ = {isa = PBXBuildFile; fileRef = 4704EFF41C9984BC00650402 /* main.m */; };
		4704EFF81C9984BC00650402 /* AppDelegate.m in Sources */ = {isa = PBXBuildFile; fileRef = 4704EFF71C9984BC00650402 /* AppDelegate.m */; };
		4704EFFB1C9984BC00650402 /* ViewController.m in Sources */ = {isa = PBXBuildFile; fileRef = 4704EFFA1C9984BC00650402 /* ViewController.m */; };
		4704EFFE1C9984BC00650402 /* Main.storyboard in Resources */ = {isa = PBXBuildFile; fileRef = 4704EFFC1C9984BC00650402 /* Main.storyboard */; };
		4704F0001C9984BC00650402 /* Assets.xcassets in Resources */ = {isa = PBXBuildFile; fileRef = 4704EFFF1C9984BC00650402 /* Assets.xcassets */; };
		4704F0031C9984BC00650402 /* LaunchScreen.storyboard in Resources */ = {isa = PBXBuildFile; fileRef = 4704F0011C9984BC00650402 /* LaunchScreen.storyboard */; };
		4704F00E1C9984BC00650402 /* PodSpecDemoTests.m in Sources */ = {isa = PBXBuildFile; fileRef = 4704F00D1C9984BC00650402 /* PodSpecDemoTests.m */; };
		4704F0191C9984BC00650402 /* PodSpecDemoUITests.m in Sources */ = {isa = PBXBuildFile; fileRef = 4704F0181C9984BC00650402 /* PodSpecDemoUITests.m */; };
		4704F0371C9A874400650402 /* UIView+ZJHExtension.m in Sources */ = {isa = PBXBuildFile; fileRef = 4704F0361C9A874400650402 /* UIView+ZJHExtension.m */; };
/* End PBXBuildFile section */

/* Begin PBXContainerItemProxy section */
		4704F00A1C9984BC00650402 /* PBXContainerItemProxy */ = {
			isa = PBXContainerItemProxy;
			containerPortal = 4704EFE81C9984BB00650402 /* Project object */;
			proxyType = 1;
			remoteGlobalIDString = 4704EFEF1C9984BB00650402;
			remoteInfo = PodSpecDemo;
		};
		4704F0151C9984BC00650402 /* PBXContainerItemProxy */ = {
			isa = PBXContainerItemProxy;
			containerPortal = 4704EFE81C9984BB00650402 /* Project object */;
			proxyType = 1;
			remoteGlobalIDString = 4704EFEF1C9984BB00650402;
			remoteInfo = PodSpecDemo;
		};
/* End PBXContainerItemProxy section */

/* Begin PBXFileReference section */
		4704EFF01C9984BC00650402 /* PodSpecDemo.app */ = {isa = PBXFileReference; explicitFileType = wrapper.application; includeInIndex = 0; path = PodSpecDemo.app; sourceTree = BUILT_PRODUCTS_DIR; };
		4704EFF41C9984BC00650402 /* main.m */ = {isa = PBXFileReference; lastKnownFileType = sourcecode.c.objc; path = main.m; sourceTree = "<group>"; };
		4704EFF61C9984BC00650402 /* AppDelegate.h */ = {isa = PBXFileReference; lastKnownFileType = sourcecode.c.h; path = AppDelegate.h; sourceTree = "<group>"; };
		4704EFF71C9984BC00650402 /* AppDelegate.m */ = {isa = PBXFileReference; lastKnownFileType = sourcecode.c.objc; path = AppDelegate.m; sourceTree = "<group>"; };
		4704EFF91C9984BC00650402 /* ViewController.h */ = {isa = PBXFileReference; lastKnownFileType = sourcecode.c.h; path = ViewController.h; sourceTree = "<group>"; };
		4704EFFA1C9984BC00650402 /* ViewController.m */ = {isa = PBXFileReference; lastKnownFileType = sourcecode.c.objc; path = ViewController.m; sourceTree = "<group>"; };
		4704EFFD1C9984BC00650402 /* Base */ = {isa = PBXFileReference; lastKnownFileType = file.storyboard; name = Base; path = Base.lproj/Main.storyboard; sourceTree = "<group>"; };
		4704EFFF1C9984BC00650402 /* Assets.xcassets */ = {isa = PBXFileReference; lastKnownFileType = folder.assetcatalog; path = Assets.xcassets; sourceTree = "<group>"; };
		4704F0021C9984BC00650402 /* Base */ = {isa = PBXFileReference; lastKnownFileType = file.storyboard; name = Base; path = Base.lproj/LaunchScreen.storyboard; sourceTree = "<group>"; };
		4704F0041C9984BC00650402 /* Info.plist */ = {isa = PBXFileReference; lastKnownFileType = text.plist.xml; path = Info.plist; sourceTree = "<group>"; };
		4704F0091C9984BC00650402 /* PodSpecDemoTests.xctest */ = {isa = PBXFileReference; explicitFileType = wrapper.cfbundle; includeInIndex = 0; path = PodSpecDemoTests.xctest; sourceTree = BUILT_PRODUCTS_DIR; };
		4704F00D1C9984BC00650402 /* PodSpecDemoTests.m */ = {isa = PBXFileReference; lastKnownFileType = sourcecode.c.objc; path = PodSpecDemoTests.m; sourceTree = "<group>"; };
		4704F00F1C9984BC00650402 /* Info.plist */ = {isa = PBXFileReference; lastKnownFileType = text.plist.xml; path = Info.plist; sourceTree = "<group>"; };
		4704F0141C9984BC00650402 /* PodSpecDemoUITests.xctest */ = {isa = PBXFileReference; explicitFileType = wrapper.cfbundle; includeInIndex = 0; path = PodSpecDemoUITests.xctest; sourceTree = BUILT_PRODUCTS_DIR; };
		4704F0181C9984BC00650402 /* PodSpecDemoUITests.m */ = {isa = PBXFileReference; lastKnownFileType = sourcecode.c.objc; path = PodSpecDemoUITests.m; sourceTree = "<group>"; };
		4704F01A1C9984BC00650402 /* Info.plist */ = {isa = PBXFileReference; lastKnownFileType = text.plist.xml; path = Info.plist; sourceTree = "<group>"; };
		4704F0351C9A874400650402 /* UIView+ZJHExtension.h */ = {isa = PBXFileReference; fileEncoding = 4; lastKnownFileType = sourcecode.c.h; path = "UIView+ZJHExtension.h"; sourceTree = "<group>"; };
		4704F0361C9A874400650402 /* UIView+ZJHExtension.m */ = {isa = PBXFileReference; fileEncoding = 4; lastKnownFileType = sourcecode.c.objc; path = "UIView+ZJHExtension.m"; sourceTree = "<group>"; };
/* End PBXFileReference section */

/* Begin PBXFrameworksBuildPhase section */
		4704EFED1C9984BB00650402 /* Frameworks */ = {
			isa = PBXFrameworksBuildPhase;
			buildActionMask = 2147483647;
			files = (
			);
			runOnlyForDeploymentPostprocessing = 0;
		};
		4704F0061C9984BC00650402 /* Frameworks */ = {
			isa = PBXFrameworksBuildPhase;
			buildActionMask = 2147483647;
			files = (
			);
			runOnlyForDeploymentPostprocessing = 0;
		};
		4704F0111C9984BC00650402 /* Frameworks */ = {
			isa = PBXFrameworksBuildPhase;
			buildActionMask = 2147483647;
			files = (
			);
			runOnlyForDeploymentPostprocessing = 0;
		};
/* End PBXFrameworksBuildPhase section */

/* Begin PBXGroup section */
		4704EFE71C9984BB00650402 = {
			isa = PBXGroup;
			children = (
				4704F0341C9A874400650402 /* ZJHUIViewFrameExtention */,
				4704EFF21C9984BC00650402 /* PodSpecDemo */,
				4704F00C1C9984BC00650402 /* PodSpecDemoTests */,
				4704F0171C9984BC00650402 /* PodSpecDemoUITests */,
				4704EFF11C9984BC00650402 /* Products */,
			);
			sourceTree = "<group>";
		};
		4704EFF11C9984BC00650402 /* Products */ = {
			isa = PBXGroup;
			children = (
				4704EFF01C9984BC00650402 /* PodSpecDemo.app */,
				4704F0091C9984BC00650402 /* PodSpecDemoTests.xctest */,
				4704F0141C9984BC00650402 /* PodSpecDemoUITests.xctest */,
			);
			name = Products;
			sourceTree = "<group>";
		};
		4704EFF21C9984BC00650402 /* PodSpecDemo */ = {
			isa = PBXGroup;
			children = (
				4704EFF61C9984BC00650402 /* AppDelegate.h */,
				4704EFF71C9984BC00650402 /* AppDelegate.m */,
				4704EFF91C9984BC00650402 /* ViewController.h */,
				4704EFFA1C9984BC00650402 /* ViewController.m */,
				4704EFFC1C9984BC00650402 /* Main.storyboard */,
				4704EFFF1C9984BC00650402 /* Assets.xcassets */,
				4704F0011C9984BC00650402 /* LaunchScreen.storyboard */,
				4704F0041C9984BC00650402 /* Info.plist */,
				4704EFF31C9984BC00650402 /* Supporting Files */,
			);
			path = PodSpecDemo;
			sourceTree = "<group>";
		};
		4704EFF31C9984BC00650402 /* Supporting Files */ = {
			isa = PBXGroup;
			children = (
				4704EFF41C9984BC00650402 /* main.m */,
			);
			name = "Supporting Files";
			sourceTree = "<group>";
		};
		4704F00C1C9984BC00650402 /* PodSpecDemoTests */ = {
			isa = PBXGroup;
			children = (
				4704F00D1C9984BC00650402 /* PodSpecDemoTests.m */,
				4704F00F1C9984BC00650402 /* Info.plist */,
			);
			path = PodSpecDemoTests;
			sourceTree = "<group>";
		};
		4704F0171C9984BC00650402 /* PodSpecDemoUITests */ = {
			isa = PBXGroup;
			children = (
				4704F0181C9984BC00650402 /* PodSpecDemoUITests.m */,
				4704F01A1C9984BC00650402 /* Info.plist */,
			);
			path = PodSpecDemoUITests;
			sourceTree = "<group>";
		};
		4704F0341C9A874400650402 /* ZJHUIViewFrameExtention */ = {
			isa = PBXGroup;
			children = (
				4704F0351C9A874400650402 /* UIView+ZJHExtension.h */,
				4704F0361C9A874400650402 /* UIView+ZJHExtension.m */,
			);
			name = ZJHUIViewFrameExtention;
			path = ../ZJHUIViewFrameExtention;
			sourceTree = "<group>";
		};
/* End PBXGroup section */

/* Begin PBXNativeTarget section */
		4704EFEF1C9984BB00650402 /* PodSpecDemo */ = {
			isa = PBXNativeTarget;
			buildConfigurationList = 4704F01D1C9984BC00650402 /* Build configuration list for PBXNativeTarget "PodSpecDemo" */;
			buildPhases = (
				4704EFEC1C9984BB00650402 /* Sources */,
				4704EFED1C9984BB00650402 /* Frameworks */,
				4704EFEE1C9984BB00650402 /* Resources */,
			);
			buildRules = (
			);
			dependencies = (
			);
			name = PodSpecDemo;
			productName = PodSpecDemo;
			productReference = 4704EFF01C9984BC00650402 /* PodSpecDemo.app */;
			productType = "com.apple.product-type.application";
		};
		4704F0081C9984BC00650402 /* PodSpecDemoTests */ = {
			isa = PBXNativeTarget;
			buildConfigurationList = 4704F0201C9984BC00650402 /* Build configuration list for PBXNativeTarget "PodSpecDemoTests" */;
			buildPhases = (
				4704F0051C9984BC00650402 /* Sources */,
				4704F0061C9984BC00650402 /* Frameworks */,
				4704F0071C9984BC00650402 /* Resources */,
			);
			buildRules = (
			);
			dependencies = (
				4704F00B1C9984BC00650402 /* PBXTargetDependency */,
			);
			name = PodSpecDemoTests;
			productName = PodSpecDemoTests;
			productReference = 4704F0091C9984BC00650402 /* PodSpecDemoTests.xctest */;
			productType = "com.apple.product-type.bundle.unit-test";
		};
		4704F0131C9984BC00650402 /* PodSpecDemoUITests */ = {
			isa = PBXNativeTarget;
			buildConfigurationList = 4704F0231C9984BC00650402 /* Build configuration list for PBXNativeTarget "PodSpecDemoUITests" */;
			buildPhases = (
				4704F0101C9984BC00650402 /* Sources */,
				4704F0111C9984BC00650402 /* Frameworks */,
				4704F0121C9984BC00650402 /* Resources */,
			);
			buildRules = (
			);
			dependencies = (
				4704F0161C9984BC00650402 /* PBXTargetDependency */,
			);
			name = PodSpecDemoUITests;
			productName = PodSpecDemoUITests;
			productReference = 4704F0141C9984BC00650402 /* PodSpecDemoUITests.xctest */;
			productType = "com.apple.product-type.bundle.ui-testing";
		};
/* End PBXNativeTarget section */

/* Begin PBXProject section */
		4704EFE81C9984BB00650402 /* Project object */ = {
			isa = PBXProject;
			attributes = {
				LastUpgradeCheck = 0720;
				ORGANIZATIONNAME = zjh;
				TargetAttributes = {
					4704EFEF1C9984BB00650402 = {
						CreatedOnToolsVersion = 7.2;
					};
					4704F0081C9984BC00650402 = {
						CreatedOnToolsVersion = 7.2;
						TestTargetID = 4704EFEF1C9984BB00650402;
					};
					4704F0131C9984BC00650402 = {
						CreatedOnToolsVersion = 7.2;
						TestTargetID = 4704EFEF1C9984BB00650402;
					};
				};
			};
			buildConfigurationList = 4704EFEB1C9984BB00650402 /* Build configuration list for PBXProject "PodSpecDemo" */;
			compatibilityVersion = "Xcode 3.2";
			developmentRegion = English;
			hasScannedForEncodings = 0;
			knownRegions = (
				en,
				Base,
			);
			mainGroup = 4704EFE71C9984BB00650402;
			productRefGroup = 4704EFF11C9984BC00650402 /* Products */;
			projectDirPath = "";
			projectRoot = "";
			targets = (
				4704EFEF1C9984BB00650402 /* PodSpecDemo */,
				4704F0081C9984BC00650402 /* PodSpecDemoTests */,
				4704F0131C9984BC00650402 /* PodSpecDemoUITests */,
			);
		};
/* End PBXProject section */

/* Begin PBXResourcesBuildPhase section */
		4704EFEE1C9984BB00650402 /* Resources */ = {
			isa = PBXResourcesBuildPhase;
			buildActionMask = 2147483647;
			files = (
				4704F0031C9984BC00650402 /* LaunchScreen.storyboard in Resources */,
				4704F0001C9984BC00650402 /* Assets.xcassets in Resources */,
				4704EFFE1C9984BC00650402 /* Main.storyboard in Resources */,
			);
			runOnlyForDeploymentPostprocessing = 0;
		};
		4704F0071C9984BC00650402 /* Resources */ = {
			isa = PBXResourcesBuildPhase;
			buildActionMask = 2147483647;
			files = (
			);
			runOnlyForDeploymentPostprocessing = 0;
		};
		4704F0121C9984BC00650402 /* Resources */ = {
			isa = PBXResourcesBuildPhase;
			buildActionMask = 2147483647;
			files = (
			);
			runOnlyForDeploymentPostprocessing = 0;
		};
/* End PBXResourcesBuildPhase section */

/* Begin PBXSourcesBuildPhase section */
		4704EFEC1C9984BB00650402 /* Sources */ = {
			isa = PBXSourcesBuildPhase;
			buildActionMask = 2147483647;
			files = (
				4704EFFB1C9984BC00650402 /* ViewController.m in Sources */,
				4704F0371C9A874400650402 /* UIView+ZJHExtension.m in Sources */,
				4704EFF81C9984BC00650402 /* AppDelegate.m in Sources */,
				4704EFF51C9984BC00650402 /* main.m in Sources */,
			);
			runOnlyForDeploymentPostprocessing = 0;
		};
		4704F0051C9984BC00650402 /* Sources */ = {
			isa = PBXSourcesBuildPhase;
			buildActionMask = 2147483647;
			files = (
				4704F00E1C9984BC00650402 /* PodSpecDemoTests.m in Sources */,
			);
			runOnlyForDeploymentPostprocessing = 0;
		};
		4704F0101C9984BC00650402 /* Sources */ = {
			isa = PBXSourcesBuildPhase;
			buildActionMask = 2147483647;
			files = (
				4704F0191C9984BC00650402 /* PodSpecDemoUITests.m in Sources */,
			);
			runOnlyForDeploymentPostprocessing = 0;
		};
/* End PBXSourcesBuildPhase section */

/* Begin PBXTargetDependency section */
		4704F00B1C9984BC00650402 /* PBXTargetDependency */ = {
			isa = PBXTargetDependency;
			target = 4704EFEF1C9984BB00650402 /* PodSpecDemo */;
			targetProxy = 4704F00A1C9984BC00650402 /* PBXContainerItemProxy */;
		};
		4704F0161C9984BC00650402 /* PBXTargetDependency */ = {
			isa = PBXTargetDependency;
			target = 4704EFEF1C9984BB00650402 /* PodSpecDemo */;
			targetProxy = 4704F0151C9984BC00650402 /* PBXContainerItemProxy */;
		};
/* End PBXTargetDependency section */

/* Begin PBXVariantGroup section */
		4704EFFC1C9984BC00650402 /* Main.storyboard */ = {
			isa = PBXVariantGroup;
			children = (
				4704EFFD1C9984BC00650402 /* Base */,
			);
			name = Main.storyboard;
			sourceTree = "<group>";
		};
		4704F0011C9984BC00650402 /* LaunchScreen.storyboard */ = {
			isa = PBXVariantGroup;
			children = (
				4704F0021C9984BC00650402 /* Base */,
			);
			name = LaunchScreen.storyboard;
			sourceTree = "<group>";
		};
/* End PBXVariantGroup section */

/* Begin XCBuildConfiguration section */
		4704F01B1C9984BC00650402 /* Debug */ = {
			isa = XCBuildConfiguration;
			buildSettings = {
				ALWAYS_SEARCH_USER_PATHS = NO;
				CLANG_CXX_LANGUAGE_STANDARD = "gnu++0x";
				CLANG_CXX_LIBRARY = "libc++";
				CLANG_ENABLE_MODULES = YES;
				CLANG_ENABLE_OBJC_ARC = YES;
				CLANG_WARN_BOOL_CONVERSION = YES;
				CLANG_WARN_CONSTANT_CONVERSION = YES;
				CLANG_WARN_DIRECT_OBJC_ISA_USAGE = YES_ERROR;
				CLANG_WARN_EMPTY_BODY = YES;
				CLANG_WARN_ENUM_CONVERSION = YES;
				CLANG_WARN_INT_CONVERSION = YES;
				CLANG_WARN_OBJC_ROOT_CLASS = YES_ERROR;
				CLANG_WARN_UNREACHABLE_CODE = YES;
				CLANG_WARN__DUPLICATE_METHOD_MATCH = YES;
				"CODE_SIGN_IDENTITY[sdk=iphoneos*]" = "iPhone Developer";
				COPY_PHASE_STRIP = NO;
				DEBUG_INFORMATION_FORMAT = dwarf;
				ENABLE_STRICT_OBJC_MSGSEND = YES;
				ENABLE_TESTABILITY = YES;
				GCC_C_LANGUAGE_STANDARD = gnu99;
				GCC_DYNAMIC_NO_PIC = NO;
				GCC_NO_COMMON_BLOCKS = YES;
				GCC_OPTIMIZATION_LEVEL = 0;
				GCC_PREPROCESSOR_DEFINITIONS = (
					"DEBUG=1",
					"$(inherited)",
				);
				GCC_WARN_64_TO_32_BIT_CONVERSION = YES;
				GCC_WARN_ABOUT_RETURN_TYPE = YES_ERROR;
				GCC_WARN_UNDECLARED_SELECTOR = YES;
				GCC_WARN_UNINITIALIZED_AUTOS = YES_AGGRESSIVE;
				GCC_WARN_UNUSED_FUNCTION = YES;
				GCC_WARN_UNUSED_VARIABLE = YES;
				IPHONEOS_DEPLOYMENT_TARGET = 9.2;
				MTL_ENABLE_DEBUG_INFO = YES;
				ONLY_ACTIVE_ARCH = YES;
				SDKROOT = iphoneos;
			};
			name = Debug;
		};
		4704F01C1C9984BC00650402 /* Release */ = {
			isa = XCBuildConfiguration;
			buildSettings = {
				ALWAYS_SEARCH_USER_PATHS = NO;
				CLANG_CXX_LANGUAGE_STANDARD = "gnu++0x";
				CLANG_CXX_LIBRARY = "libc++";
				CLANG_ENABLE_MODULES = YES;
				CLANG_ENABLE_OBJC_ARC = YES;
				CLANG_WARN_BOOL_CONVERSION = YES;
				CLANG_WARN_CONSTANT_CONVERSION = YES;
				CLANG_WARN_DIRECT_OBJC_ISA_USAGE = YES_ERROR;
				CLANG_WARN_EMPTY_BODY = YES;
				CLANG_WARN_ENUM_CONVERSION = YES;
				CLANG_WARN_INT_CONVERSION = YES;
				CLANG_WARN_OBJC_ROOT_CLASS = YES_ERROR;
				CLANG_WARN_UNREACHABLE_CODE = YES;
				CLANG_WARN__DUPLICATE_METHOD_MATCH = YES;
				"CODE_SIGN_IDENTITY[sdk=iphoneos*]" = "iPhone Developer";
				COPY_PHASE_STRIP = NO;
				DEBUG_INFORMATION_FORMAT = "dwarf-with-dsym";
				ENABLE_NS_ASSERTIONS = NO;
				ENABLE_STRICT_OBJC_MSGSEND = YES;
				GCC_C_LANGUAGE_STANDARD = gnu99;
				GCC_NO_COMMON_BLOCKS = YES;
				GCC_WARN_64_TO_32_BIT_CONVERSION = YES;
				GCC_WARN_ABOUT_RETURN_TYPE = YES_ERROR;
				GCC_WARN_UNDECLARED_SELECTOR = YES;
				GCC_WARN_UNINITIALIZED_AUTOS = YES_AGGRESSIVE;
				GCC_WARN_UNUSED_FUNCTION = YES;
				GCC_WARN_UNUSED_VARIABLE = YES;
				IPHONEOS_DEPLOYMENT_TARGET = 9.2;
				MTL_ENABLE_DEBUG_INFO = NO;
				SDKROOT = iphoneos;
				VALIDATE_PRODUCT = YES;
			};
			name = Release;
		};
		4704F01E1C9984BC00650402 /* Debug */ = {
			isa = XCBuildConfiguration;
			buildSettings = {
				ASSETCATALOG_COMPILER_APPICON_NAME = AppIcon;
				INFOPLIST_FILE = PodSpecDemo/Info.plist;
				LD_RUNPATH_SEARCH_PATHS = "$(inherited) @executable_path/Frameworks";
				PRODUCT_BUNDLE_IDENTIFIER = zjh.PodSpecDemo;
				PRODUCT_NAME = "$(TARGET_NAME)";
			};
			name = Debug;
		};
		4704F01F1C9984BC00650402 /* Release */ = {
			isa = XCBuildConfiguration;
			buildSettings = {
				ASSETCATALOG_COMPILER_APPICON_NAME = AppIcon;
				INFOPLIST_FILE = PodSpecDemo/Info.plist;
				LD_RUNPATH_SEARCH_PATHS = "$(inherited) @executable_path/Frameworks";
				PRODUCT_BUNDLE_IDENTIFIER = zjh.PodSpecDemo;
				PRODUCT_NAME = "$(TARGET_NAME)";
			};
			name = Release;
		};
		4704F0211C9984BC00650402 /* Debug */ = {
			isa = XCBuildConfiguration;
			buildSettings = {
				BUNDLE_LOADER = "$(TEST_HOST)";
				INFOPLIST_FILE = PodSpecDemoTests/Info.plist;
				LD_RUNPATH_SEARCH_PATHS = "$(inherited) @executable_path/Frameworks @loader_path/Frameworks";
				PRODUCT_BUNDLE_IDENTIFIER = zjh.PodSpecDemoTests;
				PRODUCT_NAME = "$(TARGET_NAME)";
				TEST_HOST = "$(BUILT_PRODUCTS_DIR)/PodSpecDemo.app/PodSpecDemo";
			};
			name = Debug;
		};
		4704F0221C9984BC00650402 /* Release */ = {
			isa = XCBuildConfiguration;
			buildSettings = {
				BUNDLE_LOADER = "$(TEST_HOST)";
				INFOPLIST_FILE = PodSpecDemoTests/Info.plist;
				LD_RUNPATH_SEARCH_PATHS = "$(inherited) @executable_path/Frameworks @loader_path/Frameworks";
				PRODUCT_BUNDLE_IDENTIFIER = zjh.PodSpecDemoTests;
				PRODUCT_NAME = "$(TARGET_NAME)";
				TEST_HOST = "$(BUILT_PRODUCTS_DIR)/PodSpecDemo.app/PodSpecDemo";
			};
			name = Release;
		};
		4704F0241C9984BC00650402 /* Debug */ = {
			isa = XCBuildConfiguration;
			buildSettings = {
				INFOPLIST_FILE = PodSpecDemoUITests/Info.plist;
				LD_RUNPATH_SEARCH_PATHS = "$(inherited) @executable_path/Frameworks @loader_path/Frameworks";
				PRODUCT_BUNDLE_IDENTIFIER = zjh.PodSpecDemoUITests;
				PRODUCT_NAME = "$(TARGET_NAME)";
				TEST_TARGET_NAME = PodSpecDemo;
				USES_XCTRUNNER = YES;
			};
			name = Debug;
		};
		4704F0251C9984BC00650402 /* Release */ = {
			isa = XCBuildConfiguration;
			buildSettings = {
				INFOPLIST_FILE = PodSpecDemoUITests/Info.plist;
				LD_RUNPATH_SEARCH_PATHS = "$(inherited) @executable_path/Frameworks @loader_path/Frameworks";
				PRODUCT_BUNDLE_IDENTIFIER = zjh.PodSpecDemoUITests;
				PRODUCT_NAME = "$(TARGET_NAME)";
				TEST_TARGET_NAME = PodSpecDemo;
				USES_XCTRUNNER = YES;
			};
			name = Release;
		};
/* End XCBuildConfiguration section */

/* Begin XCConfigurationList section */
		4704EFEB1C9984BB00650402 /* Build configuration list for PBXProject "PodSpecDemo" */ = {
			isa = XCConfigurationList;
			buildConfigurations = (
				4704F01B1C9984BC00650402 /* Debug */,
				4704F01C1C9984BC00650402 /* Release */,
			);
			defaultConfigurationIsVisible = 0;
			defaultConfigurationName = Release;
		};
		4704F01D1C9984BC00650402 /* Build configuration list for PBXNativeTarget "PodSpecDemo" */ = {
			isa = XCConfigurationList;
			buildConfigurations = (
				4704F01E1C9984BC00650402 /* Debug */,
				4704F01F1C9984BC00650402 /* Release */,
			);
			defaultConfigurationIsVisible = 0;
			defaultConfigurationName = Release;
		};
		4704F0201C9984BC00650402 /* Build configuration list for PBXNativeTarget "PodSpecDemoTests" */ = {
			isa = XCConfigurationList;
			buildConfigurations = (
				4704F0211C9984BC00650402 /* Debug */,
				4704F0221C9984BC00650402 /* Release */,
			);
			defaultConfigurationIsVisible = 0;
			defaultConfigurationName = Release;
		};
		4704F0231C9984BC00650402 /* Build configuration list for PBXNativeTarget "PodSpecDemoUITests" */ = {
			isa = XCConfigurationList;
			buildConfigurations = (
				4704F0241C9984BC00650402 /* Debug */,
				4704F0251C9984BC00650402 /* Release */,
			);
			defaultConfigurationIsVisible = 0;
			defaultConfigurationName = Release;
		};
/* End XCConfigurationList section */
	};
	rootObject = 4704EFE81C9984BB00650402 /* Project object */;
}
